<?xml version="1.0" encoding="utf-8"?>
<Project ToolsVersion="4.0" xmlns="http://schemas.microsoft.com/developer/msbuild/2003">
  <ItemGroup>
    <Filter Include="源文件">
      <UniqueIdentifier>{4FC737F1-C7A5-4376-A066-2A32D752A2FF}</UniqueIdentifier>
      <Extensions>cpp;c;cc;cxx;def;odl;idl;hpj;bat;asm;asmx</Extensions>
    </Filter>
    <Filter Include="头文件">
      <UniqueIdentifier>{93995380-89BD-4b04-88EB-625FBE52EBFB}</UniqueIdentifier>
      <Extensions>h;hh;hpp;hxx;hm;inl;inc;ipp;xsd</Extensions>
    </Filter>
    <Filter Include="资源文件">
      <UniqueIdentifier>{67DA6AB6-F800-4c08-8B7A-83BB121AAD01}</UniqueIdentifier>
      <Extensions>rc;ico;cur;bmp;dlg;rc2;rct;bin;rgs;gif;jpg;jpeg;jpe;resx;tiff;tif;png;wav;mfcribbon-ms</Extensions>
    </Filter>
  </ItemGroup>
  <ItemGroup>
    <ClInclude Include="VideoDemo.h">
      <Filter>头文件</Filter>
    </ClInclude>
    <ClInclude Include="VideoDemoDlg.h">
      <Filter>头文件</Filter>
    </ClInclude>
    <ClInclude Include="stdafx.h">
      <Filter>头文件</Filter>
    </ClInclude>
    <ClInclude Include="targetver.h">
      <Filter>头文件</Filter>
    </ClInclude>
    <ClInclude Include="Resource.h">
      <Filter>头文件</Filter>
    </ClInclude>
    <ClInclude Include="CvvImage.h">
      <Filter>头文件</Filter>
    </ClInclude>
    <ClInclude Include="dirent.h">
      <Filter>头文件</Filter>
    </ClInclude>
    <ClInclude Include="DealWithTensorFlow.h">
      <Filter>头文件</Filter>
    </ClInclude>
    <ClInclude Include="VideoPlay.h">
      <Filter>头文件</Filter>
    </ClInclude>
    <ClInclude Include="MSRCR.h">
      <Filter>头文件</Filter>
    </ClInclude>
    <ClInclude Include="ImageUtils.h">
      <Filter>头文件</Filter>
    </ClInclude>
    <ClInclude Include="PretrainDetector.h">
      <Filter>头文件</Filter>
    </ClInclude>
    <ClInclude Include="Detection.h">
      <Filter>头文件</Filter>
    </ClInclude>
    <ClInclude Include="ROIThread.h">
      <Filter>头文件</Filter>
    </ClInclude>
    <ClInclude Include="ROIDialog.h">
      <Filter>头文件</Filter>
    </ClInclude>
    <ClInclude Include="PublicHeader.h">
      <Filter>头文件</Filter>
    </ClInclude>
    <ClInclude Include="FlameDecider.h">
      <Filter>头文件</Filter>
    </ClInclude>
    <ClInclude Include="FeatureAnalyzer.h">
      <Filter>头文件</Filter>
    </ClInclude>
    <ClInclude Include="FlameDetector.h">
      <Filter>头文件</Filter>
    </ClInclude>
    <ClInclude Include="TargetExtractor.h">
      <Filter>头文件</Filter>
    </ClInclude>
    <ClInclude Include="Utils.h">
      <Filter>头文件</Filter>
    </ClInclude>
    <ClInclude Include="VideoHandler.h">
      <Filter>头文件</Filter>
    </ClInclude>
  </ItemGroup>
  <ItemGroup>
    <ClCompile Include="VideoDemo.cpp">
      <Filter>源文件</Filter>
    </ClCompile>
    <ClCompile Include="VideoDemoDlg.cpp">
      <Filter>源文件</Filter>
    </ClCompile>
    <ClCompile Include="stdafx.cpp">
      <Filter>源文件</Filter>
    </ClCompile>
    <ClCompile Include="CvvImage.cpp">
      <Filter>源文件</Filter>
    </ClCompile>
    <ClCompile Include="DealWithTensorFlow.cpp">
      <Filter>源文件</Filter>
    </ClCompile>
    <ClCompile Include="VideoPlay.cpp">
      <Filter>源文件</Filter>
    </ClCompile>
    <ClCompile Include="MSRCR.cpp">
      <Filter>源文件</Filter>
    </ClCompile>
    <ClCompile Include="ImageUtils.cpp">
      <Filter>源文件</Filter>
    </ClCompile>
    <ClCompile Include="PretrainDetector.cpp">
      <Filter>源文件</Filter>
    </ClCompile>
    <ClCompile Include="Detection.cpp">
      <Filter>源文件</Filter>
    </ClCompile>
    <ClCompile Include="ROIThread.cpp">
      <Filter>源文件</Filter>
    </ClCompile>
    <ClCompile Include="ROIDialog.cpp">
      <Filter>源文件</Filter>
    </ClCompile>
    <ClCompile Include="FlameDecider.cpp">
      <Filter>源文件</Filter>
    </ClCompile>
    <ClCompile Include="FeatureAnalyzer.cpp">
      <Filter>源文件</Filter>
    </ClCompile>
    <ClCompile Include="FlameDetector.cpp">
      <Filter>源文件</Filter>
    </ClCompile>
    <ClCompile Include="TargetExtractor.cpp">
      <Filter>源文件</Filter>
    </ClCompile>
    <ClCompile Include="Utils.cpp">
      <Filter>源文件</Filter>
    </ClCompile>
    <ClCompile Include="VideoHandler.cpp">
      <Filter>源文件</Filter>
    </ClCompile>
  </ItemGroup>
  <ItemGroup>
    <ResourceCompile Include="VideoDemo.rc">
      <Filter>资源文件</Filter>
    </ResourceCompile>
  </ItemGroup>
  <ItemGroup>
    <None Include="res\VideoDemo.rc2">
      <Filter>资源文件</Filter>
    </None>
  </ItemGroup>
  <ItemGroup>
    <Image Include="res\VideoDemo.ico">
      <Filter>资源文件</Filter>
    </Image>
    <Image Include="res\icon1.ico">
      <Filter>资源文件</Filter>
    </Image>
    <Image Include="..\VideoDemoSetup\video-player.ico">
      <Filter>资源文件</Filter>
    </Image>
  </ItemGroup>
</Project>